
Microsoft Visual Studio Solution File, Format Version 12.00
# Visual Studio Version 17
VisualStudioVersion = 17.4.33122.133
MinimumVisualStudioVersion = 10.0.40219.1
Project("{8BC9CEB8-8B4A-11D0-8D11-00A0C91BC942}") = "NULLTerminatedLines", "NULLTerminatedLines\NULLTerminatedLines.vcxproj", "{2DFE74AB-9DFD-45B8-9DA4-A755358A25B9}"
EndProject
Global
	GlobalSection(SolutionConfigurationPlatforms) = preSolution
		Debug|x64 = Debug|x64
		Debug|x86 = Debug|x86
		Release|x64 = Release|x64
		Release|x86 = Release|x86
	EndGlobalSection
	GlobalSection(ProjectConfigurationPlatforms) = postSolution
		{2DFE74AB-9DFD-45B8-9DA4-A755358A25B9}.Debug|x64.ActiveCfg = Debug|x64
		{2DFE74AB-9DFD-45B8-9DA4-A755358A25B9}.Debug|x64.Build.0 = Debug|x64
		{2DFE74AB-9DFD-45B8-9DA4-A755358A25B9}.Debug|x86.ActiveCfg = Debug|Win32
		{2DFE74AB-9DFD-45B8-9DA4-A755358A25B9}.Debug|x86.Build.0 = Debug|Win32
		{2DFE74AB-9DFD-45B8-9DA4-A755358A25B9}.Release|x64.ActiveCfg = Release|x64
		{2DFE74AB-9DFD-45B8-9DA4-A755358A25B9}.Release|x64.Build.0 = Release|x64
		{2DFE74AB-9DFD-45B8-9DA4-A755358A25B9}.Release|x86.ActiveCfg = Release|Win32
		{2DFE74AB-9DFD-45B8-9DA4-A755358A25B9}.Release|x86.Build.0 = Release|Win32
	EndGlobalSection
	GlobalSection(SolutionProperties) = preSolution
		HideSolutionNode = FALSE
	EndGlobalSection
	GlobalSection(ExtensibilityGlobals) = postSolution
		SolutionGuid = {34E3B30F-93FA-4318-83EA-D941AF62CA4B}
	EndGlobalSection
EndGlobal
